// !$*UTF8*$!
{
	archiveVersion = 1;
	classes = {
	};
	objectVersion = 46;
	objects = {

/* Begin PBXBuildFile section */
		50141DA61C72B06D00577EC0 /* main.m in Sources */ = {isa = PBXBuildFile; fileRef = 50141DA51C72B06D00577EC0 /* main.m */; };
		50141DA91C72B06D00577EC0 /* AppDelegate.m in Sources */ = {isa = PBXBuildFile; fileRef = 50141DA81C72B06D00577EC0 /* AppDelegate.m */; };
		50141DAC1C72B06D00577EC0 /* ViewController.m in Sources */ = {isa = PBXBuildFile; fileRef = 50141DAB1C72B06D00577EC0 /* ViewController.m */; };
		50141DAF1C72B06D00577EC0 /* Main.storyboard in Resources */ = {isa = PBXBuildFile; fileRef = 50141DAD1C72B06D00577EC0 /* Main.storyboard */; };
		50141DB11C72B06D00577EC0 /* Assets.xcassets in Resources */ = {isa = PBXBuildFile; fileRef = 50141DB01C72B06D00577EC0 /* Assets.xcassets */; };
		50141DB41C72B06D00577EC0 /* LaunchScreen.storyboard in Resources */ = {isa = PBXBuildFile; fileRef = 50141DB21C72B06D00577EC0 /* LaunchScreen.storyboard */; };
/* End PBXBuildFile section */

/* Begin PBXFileReference section */
		50141DA11C72B06D00577EC0 /* OBTest.app */ = {isa = PBXFileReference; explicitFileType = wrapper.application; includeInIndex = 0; path = OBTest.app; sourceTree = BUILT_PRODUCTS_DIR; };
		50141DA51C72B06D00577EC0 /* main.m */ = {isa = PBXFileReference; lastKnownFileType = sourcecode.c.objc; path = main.m; sourceTree = "<group>"; };
		50141DA71C72B06D00577EC0 /* AppDelegate.h */ = {isa = PBXFileReference; lastKnownFileType = sourcecode.c.h; path = AppDelegate.h; sourceTree = "<group>"; };
		50141DA81C72B06D00577EC0 /* AppDelegate.m */ = {isa = PBXFileReference; lastKnownFileType = sourcecode.c.objc; path = AppDelegate.m; sourceTree = "<group>"; };
		50141DAA1C72B06D00577EC0 /* ViewController.h */ = {isa = PBXFileReference; lastKnownFileType = sourcecode.c.h; path = ViewController.h; sourceTree = "<group>"; };
		50141DAB1C72B06D00577EC0 /* ViewController.m */ = {isa = PBXFileReference; lastKnownFileType = sourcecode.c.objc; path = ViewController.m; sourceTree = "<group>"; };
		50141DAE1C72B06D00577EC0 /* Base */ = {isa = PBXFileReference; lastKnownFileType = file.storyboard; name = Base; path = Base.lproj/Main.storyboard; sourceTree = "<group>"; };
		50141DB01C72B06D00577EC0 /* Assets.xcassets */ = {isa = PBXFileReference; lastKnownFileType = folder.assetcatalog; path = Assets.xcassets; sourceTree = "<group>"; };
		50141DB31C72B06D00577EC0 /* Base */ = {isa = PBXFileReference; lastKnownFileType = file.storyboard; name = Base; path = Base.lproj/LaunchScreen.storyboard; sourceTree = "<group>"; };
		50141DB51C72B06D00577EC0 /* Info.plist */ = {isa = PBXFileReference; lastKnownFileType = text.plist.xml; path = Info.plist; sourceTree = "<group>"; };
/* End PBXFileReference section */

/* Begin PBXFrameworksBuildPhase section */
		50141D9E1C72B06D00577EC0 /* Frameworks */ = {
			isa = PBXFrameworksBuildPhase;
			buildActionMask = 2147483647;
			files = (
			);
			runOnlyForDeploymentPostprocessing = 0;
		};
/* End PBXFrameworksBuildPhase section */

/* Begin PBXGroup section */
		50141D981C72B06D00577EC0 = {
			isa = PBXGroup;
			children = (
				50141DA31C72B06D00577EC0 /* OBTest */,
				50141DA21C72B06D00577EC0 /* Products */,
			);
			sourceTree = "<group>";
		};
		50141DA21C72B06D00577EC0 /* Products */ = {
			isa = PBXGroup;
			children = (
				50141DA11C72B06D00577EC0 /* OBTest.app */,
			);
			name = Products;
			sourceTree = "<group>";
		};
		50141DA31C72B06D00577EC0 /* OBTest */ = {
			isa = PBXGroup;
			children = (
				50141DA71C72B06D00577EC0 /* AppDelegate.h */,
				50141DA81C72B06D00577EC0 /* AppDelegate.m */,
				50141DAA1C72B06D00577EC0 /* ViewController.h */,
				50141DAB1C72B06D00577EC0 /* ViewController.m */,
				50141DAD1C72B06D00577EC0 /* Main.storyboard */,
				50141DB01C72B06D00577EC0 /* Assets.xcassets */,
				50141DB21C72B06D00577EC0 /* LaunchScreen.storyboard */,
				50141DB51C72B06D00577EC0 /* Info.plist */,
				50141DA41C72B06D00577EC0 /* Supporting Files */,
			);
			path = OBTest;
			sourceTree = "<group>";
		};
		50141DA41C72B06D00577EC0 /* Supporting Files */ = {
			isa = PBXGroup;
			children = (
				50141DA51C72B06D00577EC0 /* main.m */,
			);
			name = "Supporting Files";
			sourceTree = "<group>";
		};
/* End PBXGroup section */

/* Begin PBXNativeTarget section */
		50141DA01C72B06D00577EC0 /* OBTest */ = {
			isa = PBXNativeTarget;
			buildConfigurationList = 50141DB81C72B06D00577EC0 /* Build configuration list for PBXNativeTarget "OBTest" */;
			buildPhases = (
				50141D9D1C72B06D00577EC0 /* Sources */,
				50141D9E1C72B06D00577EC0 /* Frameworks */,
				50141D9F1C72B06D00577EC0 /* Resources */,
			);
			buildRules = (
			);
			dependencies = (
			);
			name = OBTest;
			productName = OBTest;
			productReference = 50141DA11C72B06D00577EC0 /* OBTest.app */;
			productType = "com.apple.product-type.application";
		};
/* End PBXNativeTarget section */

/* Begin PBXProject section */
		50141D991C72B06D00577EC0 /* Project object */ = {
			isa = PBXProject;
			attributes = {
				LastUpgradeCheck = 0720;
				ORGANIZATIONNAME = tanghaibo;
				TargetAttributes = {
					50141DA01C72B06D00577EC0 = {
						CreatedOnToolsVersion = 7.2;
					};
				};
			};
			buildConfigurationList = 50141D9C1C72B06D00577EC0 /* Build configuration list for PBXProject "OBTest" */;
			compatibilityVersion = "Xcode 3.2";
			developmentRegion = English;
			hasScannedForEncodings = 0;
			knownRegions = (
				en,
				Base,
			);
			mainGroup = 50141D981C72B06D00577EC0;
			productRefGroup = 50141DA21C72B06D00577EC0 /* Products */;
			projectDirPath = "";
			projectRoot = "";
			targets = (
				50141DA01C72B06D00577EC0 /* OBTest */,
			);
		};
/* End PBXProject section */

/* Begin PBXResourcesBuildPhase section */
		50141D9F1C72B06D00577EC0 /* Resources */ = {
			isa = PBXResourcesBuildPhase;
			buildActionMask = 2147483647;
			files = (
				50141DB41C72B06D00577EC0 /* LaunchScreen.storyboard in Resources */,
				50141DB11C72B06D00577EC0 /* Assets.xcassets in Resources */,
				50141DAF1C72B06D00577EC0 /* Main.storyboard in Resources */,
			);
			runOnlyForDeploymentPostprocessing = 0;
		};
/* End PBXResourcesBuildPhase section */

/* Begin PBXSourcesBuildPhase section */
		50141D9D1C72B06D00577EC0 /* Sources */ = {
			isa = PBXSourcesBuildPhase;
			buildActionMask = 2147483647;
			files = (
				50141DAC1C72B06D00577EC0 /* ViewController.m in Sources */,
				50141DA91C72B06D00577EC0 /* AppDelegate.m in Sources */,
				50141DA61C72B06D00577EC0 /* main.m in Sources */,
			);
			runOnlyForDeploymentPostprocessing = 0;
		};
/* End PBXSourcesBuildPhase section */

/* Begin PBXVariantGroup section */
		50141DAD1C72B06D00577EC0 /* Main.storyboard */ = {
			isa = PBXVariantGroup;
			children = (
				50141DAE1C72B06D00577EC0 /* Base */,
			);
			name = Main.storyboard;
			sourceTree = "<group>";
		};
		50141DB21C72B06D00577EC0 /* LaunchScreen.storyboard */ = {
			isa = PBXVariantGroup;
			children = (
				50141DB31C72B06D00577EC0 /* Base */,
			);
			name = LaunchScreen.storyboard;
			sourceTree = "<group>";
		};
/* End PBXVariantGroup section */

/* Begin XCBuildConfiguration section */
		50141DB61C72B06D00577EC0 /* Debug */ = {
			isa = XCBuildConfiguration;
			buildSettings = {
				ALWAYS_SEARCH_USER_PATHS = NO;
				CLANG_CXX_LANGUAGE_STANDARD = "gnu++0x";
				CLANG_CXX_LIBRARY = "libc++";
				CLANG_ENABLE_MODULES = YES;
				CLANG_ENABLE_OBJC_ARC = YES;
				CLANG_WARN_BOOL_CONVERSION = YES;
				CLANG_WARN_CONSTANT_CONVERSION = YES;
				CLANG_WARN_DIRECT_OBJC_ISA_USAGE = YES_ERROR;
				CLANG_WARN_EMPTY_BODY = YES;
				CLANG_WARN_ENUM_CONVERSION = YES;
				CLANG_WARN_INT_CONVERSION = YES;
				CLANG_WARN_OBJC_ROOT_CLASS = YES_ERROR;
				CLANG_WARN_UNREACHABLE_CODE = YES;
				CLANG_WARN__DUPLICATE_METHOD_MATCH = YES;
				"CODE_SIGN_IDENTITY[sdk=iphoneos*]" = "iPhone Developer";
				COPY_PHASE_STRIP = NO;
				DEBUG_INFORMATION_FORMAT = dwarf;
				ENABLE_STRICT_OBJC_MSGSEND = YES;
				ENABLE_TESTABILITY = YES;
				GCC_C_LANGUAGE_STANDARD = gnu99;
				GCC_DYNAMIC_NO_PIC = NO;
				GCC_NO_COMMON_BLOCKS = YES;
				GCC_OPTIMIZATION_LEVEL = 0;
				GCC_PREPROCESSOR_DEFINITIONS = (
					"DEBUG=1",
					"$(inherited)",
				);
				GCC_WARN_64_TO_32_BIT_CONVERSION = YES;
				GCC_WARN_ABOUT_RETURN_TYPE = YES_ERROR;
				GCC_WARN_UNDECLARED_SELECTOR = YES;
				GCC_WARN_UNINITIALIZED_AUTOS = YES_AGGRESSIVE;
				GCC_WARN_UNUSED_FUNCTION = YES;
				GCC_WARN_UNUSED_VARIABLE = YES;
				IPHONEOS_DEPLOYMENT_TARGET = 9.2;
				MTL_ENABLE_DEBUG_INFO = YES;
				ONLY_ACTIVE_ARCH = YES;
				SDKROOT = iphoneos;
			};
			name = Debug;
		};
		50141DB71C72B06D00577EC0 /* Release */ = {
			isa = XCBuildConfiguration;
			buildSettings = {
				ALWAYS_SEARCH_USER_PATHS = NO;
				CLANG_CXX_LANGUAGE_STANDARD = "gnu++0x";
				CLANG_CXX_LIBRARY = "libc++";
				CLANG_ENABLE_MODULES = YES;
				CLANG_ENABLE_OBJC_ARC = YES;
				CLANG_WARN_BOOL_CONVERSION = YES;
				CLANG_WARN_CONSTANT_CONVERSION = YES;
				CLANG_WARN_DIRECT_OBJC_ISA_USAGE = YES_ERROR;
				CLANG_WARN_EMPTY_BODY = YES;
				CLANG_WARN_ENUM_CONVERSION = YES;
				CLANG_WARN_INT_CONVERSION = YES;
				CLANG_WARN_OBJC_ROOT_CLASS = YES_ERROR;
				CLANG_WARN_UNREACHABLE_CODE = YES;
				CLANG_WARN__DUPLICATE_METHOD_MATCH = YES;
				"CODE_SIGN_IDENTITY[sdk=iphoneos*]" = "iPhone Developer";
				COPY_PHASE_STRIP = NO;
				DEBUG_INFORMATION_FORMAT = "dwarf-with-dsym";
				ENABLE_NS_ASSERTIONS = NO;
				ENABLE_STRICT_OBJC_MSGSEND = YES;
				GCC_C_LANGUAGE_STANDARD = gnu99;
				GCC_NO_COMMON_BLOCKS = YES;
				GCC_WARN_64_TO_32_BIT_CONVERSION = YES;
				GCC_WARN_ABOUT_RETURN_TYPE = YES_ERROR;
				GCC_WARN_UNDECLARED_SELECTOR = YES;
				GCC_WARN_UNINITIALIZED_AUTOS = YES_AGGRESSIVE;
				GCC_WARN_UNUSED_FUNCTION = YES;
				GCC_WARN_UNUSED_VARIABLE = YES;
				IPHONEOS_DEPLOYMENT_TARGET = 9.2;
				MTL_ENABLE_DEBUG_INFO = NO;
				SDKROOT = iphoneos;
				VALIDATE_PRODUCT = YES;
			};
			name = Release;
		};
		50141DB91C72B06D00577EC0 /* Debug */ = {
			isa = XCBuildConfiguration;
			buildSettings = {
				ASSETCATALOG_COMPILER_APPICON_NAME = AppIcon;
				INFOPLIST_FILE = OBTest/Info.plist;
				LD_RUNPATH_SEARCH_PATHS = "$(inherited) @executable_path/Frameworks";
				PRODUCT_BUNDLE_IDENTIFIER = top.ioslearn.OBTest;
				PRODUCT_NAME = "$(TARGET_NAME)";
			};
			name = Debug;
		};
		50141DBA1C72B06D00577EC0 /* Release */ = {
			isa = XCBuildConfiguration;
			buildSettings = {
				ASSETCATALOG_COMPILER_APPICON_NAME = AppIcon;
				INFOPLIST_FILE = OBTest/Info.plist;
				LD_RUNPATH_SEARCH_PATHS = "$(inherited) @executable_path/Frameworks";
				PRODUCT_BUNDLE_IDENTIFIER = top.ioslearn.OBTest;
				PRODUCT_NAME = "$(TARGET_NAME)";
			};
			name = Release;
		};
/* End XCBuildConfiguration section */

/* Begin XCConfigurationList section */
		50141D9C1C72B06D00577EC0 /* Build configuration list for PBXProject "OBTest" */ = {
			isa = XCConfigurationList;
			buildConfigurations = (
				50141DB61C72B06D00577EC0 /* Debug */,
				50141DB71C72B06D00577EC0 /* Release */,
			);
			defaultConfigurationIsVisible = 0;
			defaultConfigurationName = Release;
		};
		50141DB81C72B06D00577EC0 /* Build configuration list for PBXNativeTarget "OBTest" */ = {
			isa = XCConfigurationList;
			buildConfigurations = (
				50141DB91C72B06D00577EC0 /* Debug */,
				50141DBA1C72B06D00577EC0 /* Release */,
			);
			defaultConfigurationIsVisible = 0;
		};
/* End XCConfigurationList section */
	};
	rootObject = 50141D991C72B06D00577EC0 /* Project object */;
}
